
Microsoft Visual Studio Solution File, Format Version 12.00
# Visual Studio Version 17
VisualStudioVersion = 17.5.33414.496
MinimumVisualStudioVersion = 10.0.40219.1
Project("{FAE04EC0-301F-11D3-BF4B-00C04F79EFBC}") = "Geldmaat", "Geldmaat.csproj", "{B479C374-525C-40BF-9825-BF0662AEB951}"
EndProject
Global
	GlobalSection(SolutionConfigurationPlatforms) = preSolution
		Debug|Any CPU = Debug|Any CPU
		Release|Any CPU = Release|Any CPU
	EndGlobalSection
	GlobalSection(ProjectConfigurationPlatforms) = postSolution
		{B479C374-525C-40BF-9825-BF0662AEB951}.Debug|Any CPU.ActiveCfg = Debug|Any CPU
		{B479C374-525C-40BF-9825-BF0662AEB951}.Debug|Any CPU.Build.0 = Debug|Any CPU
		{B479C374-525C-40BF-9825-BF0662AEB951}.Release|Any CPU.ActiveCfg = Release|Any CPU
		{B479C374-525C-40BF-9825-BF0662AEB951}.Release|Any CPU.Build.0 = Release|Any CPU
	EndGlobalSection
	GlobalSection(SolutionProperties) = preSolution
		HideSolutionNode = FALSE
	EndGlobalSection
	GlobalSection(ExtensibilityGlobals) = postSolution
		SolutionGuid = {D5D21F29-8336-46E4-ABD0-37E723FD0A48}
	EndGlobalSection
EndGlobal
